
Microsoft Visual Studio Solution File, Format Version 12.00
# Visual Studio Version 17
VisualStudioVersion = 17.1.32228.430
MinimumVisualStudioVersion = 10.0.40219.1
Project("{9A19103F-16F7-4668-BE54-9A1E7A4F7556}") = "ReportingApi", "ReportingApi\ReportingApi.csproj", "{50CC0EE6-81EC-4CB6-A5D0-79694FD36736}"
EndProject
Project("{9A19103F-16F7-4668-BE54-9A1E7A4F7556}") = "authorization-api-handler", "ext\authorization-api-handler\authorization-api-handler\authorization-api-handler.csproj", "{1CCEA5BF-9601-4C26-BA9A-AF7E0D0493AA}"
EndProject
Project("{9A19103F-16F7-4668-BE54-9A1E7A4F7556}") = "csharp-common-libs", "ext\authorization-api-handler\ext\csharp-common-libs\csharp-common-libs.csproj", "{81AFD6BA-715E-420B-90F6-D4EAF4064FEF}"
EndProject
Global
	GlobalSection(SolutionConfigurationPlatforms) = preSolution
		Debug|Any CPU = Debug|Any CPU
		Release|Any CPU = Release|Any CPU
	EndGlobalSection
	GlobalSection(ProjectConfigurationPlatforms) = postSolution
		{50CC0EE6-81EC-4CB6-A5D0-79694FD36736}.Debug|Any CPU.ActiveCfg = Debug|Any CPU
		{50CC0EE6-81EC-4CB6-A5D0-79694FD36736}.Debug|Any CPU.Build.0 = Debug|Any CPU
		{50CC0EE6-81EC-4CB6-A5D0-79694FD36736}.Release|Any CPU.ActiveCfg = Release|Any CPU
		{50CC0EE6-81EC-4CB6-A5D0-79694FD36736}.Release|Any CPU.Build.0 = Release|Any CPU
		{1CCEA5BF-9601-4C26-BA9A-AF7E0D0493AA}.Debug|Any CPU.ActiveCfg = Debug|Any CPU
		{1CCEA5BF-9601-4C26-BA9A-AF7E0D0493AA}.Debug|Any CPU.Build.0 = Debug|Any CPU
		{1CCEA5BF-9601-4C26-BA9A-AF7E0D0493AA}.Release|Any CPU.ActiveCfg = Release|Any CPU
		{1CCEA5BF-9601-4C26-BA9A-AF7E0D0493AA}.Release|Any CPU.Build.0 = Release|Any CPU
		{81AFD6BA-715E-420B-90F6-D4EAF4064FEF}.Debug|Any CPU.ActiveCfg = Debug|Any CPU
		{81AFD6BA-715E-420B-90F6-D4EAF4064FEF}.Debug|Any CPU.Build.0 = Debug|Any CPU
		{81AFD6BA-715E-420B-90F6-D4EAF4064FEF}.Release|Any CPU.ActiveCfg = Release|Any CPU
		{81AFD6BA-715E-420B-90F6-D4EAF4064FEF}.Release|Any CPU.Build.0 = Release|Any CPU
	EndGlobalSection
	GlobalSection(SolutionProperties) = preSolution
		HideSolutionNode = FALSE
	EndGlobalSection
	GlobalSection(ExtensibilityGlobals) = postSolution
		SolutionGuid = {E0277AF4-135B-4499-8F0D-1D4BF37EE121}
	EndGlobalSection
EndGlobal
